
Microsoft Visual Studio Solution File, Format Version 12.00
# Visual Studio Version 16
VisualStudioVersion = 16.0.29418.71
MinimumVisualStudioVersion = 10.0.40219.1
Project("{FAE04EC0-301F-11D3-BF4B-00C04F79EFBC}") = "DevOpsSamplePro", "DevOpsSamplePro.csproj", "{648CFBB9-47FE-4DF0-8F65-4F85B0F4A595}"
EndProject
Global
	GlobalSection(SolutionConfigurationPlatforms) = preSolution
		Debug|Any CPU = Debug|Any CPU
		Release|Any CPU = Release|Any CPU
	EndGlobalSection
	GlobalSection(ProjectConfigurationPlatforms) = postSolution
		{648CFBB9-47FE-4DF0-8F65-4F85B0F4A595}.Debug|Any CPU.ActiveCfg = Debug|Any CPU
		{648CFBB9-47FE-4DF0-8F65-4F85B0F4A595}.Debug|Any CPU.Build.0 = Debug|Any CPU
		{648CFBB9-47FE-4DF0-8F65-4F85B0F4A595}.Release|Any CPU.ActiveCfg = Release|Any CPU
		{648CFBB9-47FE-4DF0-8F65-4F85B0F4A595}.Release|Any CPU.Build.0 = Release|Any CPU
	EndGlobalSection
	GlobalSection(SolutionProperties) = preSolution
		HideSolutionNode = FALSE
	EndGlobalSection
	GlobalSection(ExtensibilityGlobals) = postSolution
		SolutionGuid = {5D049E49-04F3-4F81-A5FE-36B6DEB6BAED}
	EndGlobalSection
EndGlobal
